
Microsoft Visual Studio Solution File, Format Version 12.00
# Visual Studio Version 17
VisualStudioVersion = 17.5.002.0
MinimumVisualStudioVersion = 10.0.40219.1
Project("{9A19103F-16F7-4668-BE54-9A1E7A4F7556}") = "Codígos", "Codígos.csproj", "{D0C0010B-E17D-4896-B824-D76B47883975}"
EndProject
Global
	GlobalSection(SolutionConfigurationPlatforms) = preSolution
		Debug|Any CPU = Debug|Any CPU
		Release|Any CPU = Release|Any CPU
	EndGlobalSection
	GlobalSection(ProjectConfigurationPlatforms) = postSolution
		{D0C0010B-E17D-4896-B824-D76B47883975}.Debug|Any CPU.ActiveCfg = Debug|Any CPU
		{D0C0010B-E17D-4896-B824-D76B47883975}.Debug|Any CPU.Build.0 = Debug|Any CPU
		{D0C0010B-E17D-4896-B824-D76B47883975}.Release|Any CPU.ActiveCfg = Release|Any CPU
		{D0C0010B-E17D-4896-B824-D76B47883975}.Release|Any CPU.Build.0 = Release|Any CPU
	EndGlobalSection
	GlobalSection(SolutionProperties) = preSolution
		HideSolutionNode = FALSE
	EndGlobalSection
	GlobalSection(ExtensibilityGlobals) = postSolution
		SolutionGuid = {EF0B9AEE-C92E-498E-B199-B14832D6A522}
	EndGlobalSection
EndGlobal
